
Microsoft Visual Studio Solution File, Format Version 12.00
# Visual Studio Version 17
VisualStudioVersion = 17.3.32811.315
MinimumVisualStudioVersion = 10.0.40219.1
Project("{2150E333-8FDC-42A3-9474-1A3956D46DE8}") = "Domain", "Domain", "{51AAE893-1BC7-446A-A5F9-1C3487C0BE65}"
EndProject
Project("{2150E333-8FDC-42A3-9474-1A3956D46DE8}") = "Infra.Bus", "Infra.Bus", "{1435981A-B1CF-4319-A542-D46B879D2524}"
EndProject
Project("{2150E333-8FDC-42A3-9474-1A3956D46DE8}") = "Infra.IoC", "Infra.IoC", "{6B25262A-D2DA-4944-AACD-C248DC9A4521}"
EndProject
Project("{2150E333-8FDC-42A3-9474-1A3956D46DE8}") = "Microservices", "Microservices", "{F139BDC0-574A-4E52-AC04-BA2563DA3D81}"
EndProject
Project("{9A19103F-16F7-4668-BE54-9A1E7A4F7556}") = "MicroRabbit.Domain.Core", "MicroRabbit.Domain.Core\MicroRabbit.Domain.Core.csproj", "{EF8AD0B7-6022-440E-8861-EF7F19095562}"
EndProject
Project("{9A19103F-16F7-4668-BE54-9A1E7A4F7556}") = "MicroRabbit.Infra.Bus", "MicroRabbit.Infra.Bus\MicroRabbit.Infra.Bus.csproj", "{41FD00F0-6C4F-4CC2-AD67-24540622BB85}"
EndProject
Project("{9A19103F-16F7-4668-BE54-9A1E7A4F7556}") = "MicroRabbit.Infra.IoC", "MicroRabbit.Infra.IoC\MicroRabbit.Infra.IoC.csproj", "{759B8247-D8A3-4419-BFB2-0B7D6302D77C}"
EndProject
Project("{2150E333-8FDC-42A3-9474-1A3956D46DE8}") = "Banking", "Banking", "{B876CF15-9EE0-4C3F-8F89-903EA1482A90}"
EndProject
Project("{2150E333-8FDC-42A3-9474-1A3956D46DE8}") = "Api", "Api", "{6FF11046-6512-4541-9927-48C3C8D914A1}"
EndProject
Project("{2150E333-8FDC-42A3-9474-1A3956D46DE8}") = "Application", "Application", "{74E4B717-23EB-467C-9D1E-A558EC96DD29}"
EndProject
Project("{2150E333-8FDC-42A3-9474-1A3956D46DE8}") = "Data", "Data", "{86981EA5-A661-4331-A65B-C2DBD7C4DA3F}"
EndProject
Project("{2150E333-8FDC-42A3-9474-1A3956D46DE8}") = "Domain", "Domain", "{83B2D43F-8B89-4E1A-B931-136861131752}"
EndProject
Project("{9A19103F-16F7-4668-BE54-9A1E7A4F7556}") = "MicroRabbit.Banking.Api", "MicroRabbit.Banking.Api\MicroRabbit.Banking.Api.csproj", "{6B88AEE4-5AE3-4B00-9C09-17DD2CCCDA34}"
EndProject
Project("{9A19103F-16F7-4668-BE54-9A1E7A4F7556}") = "MicrroRabbit.Banking.Application", "MicrroRabbit.Banking.Application\MicrroRabbit.Banking.Application.csproj", "{83C009B7-E00E-4D33-BB69-BFE3073C9FD7}"
EndProject
Project("{9A19103F-16F7-4668-BE54-9A1E7A4F7556}") = "MicroRabbit.Backing.Data", "MicroRabbit.Backing.Data\MicroRabbit.Backing.Data.csproj", "{AAD3E12C-ED0E-4F57-B984-3DEC243B27ED}"
EndProject
Project("{9A19103F-16F7-4668-BE54-9A1E7A4F7556}") = "MicroRabbit.Backing.Domain", "MicroRabbit.Backing.Domain\MicroRabbit.Backing.Domain.csproj", "{D751741A-97CB-47F5-956C-DE9E4C087680}"
EndProject
Global
	GlobalSection(SolutionConfigurationPlatforms) = preSolution
		Debug|Any CPU = Debug|Any CPU
		Release|Any CPU = Release|Any CPU
	EndGlobalSection
	GlobalSection(ProjectConfigurationPlatforms) = postSolution
		{EF8AD0B7-6022-440E-8861-EF7F19095562}.Debug|Any CPU.ActiveCfg = Debug|Any CPU
		{EF8AD0B7-6022-440E-8861-EF7F19095562}.Debug|Any CPU.Build.0 = Debug|Any CPU
		{EF8AD0B7-6022-440E-8861-EF7F19095562}.Release|Any CPU.ActiveCfg = Release|Any CPU
		{EF8AD0B7-6022-440E-8861-EF7F19095562}.Release|Any CPU.Build.0 = Release|Any CPU
		{41FD00F0-6C4F-4CC2-AD67-24540622BB85}.Debug|Any CPU.ActiveCfg = Debug|Any CPU
		{41FD00F0-6C4F-4CC2-AD67-24540622BB85}.Debug|Any CPU.Build.0 = Debug|Any CPU
		{41FD00F0-6C4F-4CC2-AD67-24540622BB85}.Release|Any CPU.ActiveCfg = Release|Any CPU
		{41FD00F0-6C4F-4CC2-AD67-24540622BB85}.Release|Any CPU.Build.0 = Release|Any CPU
		{759B8247-D8A3-4419-BFB2-0B7D6302D77C}.Debug|Any CPU.ActiveCfg = Debug|Any CPU
		{759B8247-D8A3-4419-BFB2-0B7D6302D77C}.Debug|Any CPU.Build.0 = Debug|Any CPU
		{759B8247-D8A3-4419-BFB2-0B7D6302D77C}.Release|Any CPU.ActiveCfg = Release|Any CPU
		{759B8247-D8A3-4419-BFB2-0B7D6302D77C}.Release|Any CPU.Build.0 = Release|Any CPU
		{6B88AEE4-5AE3-4B00-9C09-17DD2CCCDA34}.Debug|Any CPU.ActiveCfg = Debug|Any CPU
		{6B88AEE4-5AE3-4B00-9C09-17DD2CCCDA34}.Debug|Any CPU.Build.0 = Debug|Any CPU
		{6B88AEE4-5AE3-4B00-9C09-17DD2CCCDA34}.Release|Any CPU.ActiveCfg = Release|Any CPU
		{6B88AEE4-5AE3-4B00-9C09-17DD2CCCDA34}.Release|Any CPU.Build.0 = Release|Any CPU
		{83C009B7-E00E-4D33-BB69-BFE3073C9FD7}.Debug|Any CPU.ActiveCfg = Debug|Any CPU
		{83C009B7-E00E-4D33-BB69-BFE3073C9FD7}.Debug|Any CPU.Build.0 = Debug|Any CPU
		{83C009B7-E00E-4D33-BB69-BFE3073C9FD7}.Release|Any CPU.ActiveCfg = Release|Any CPU
		{83C009B7-E00E-4D33-BB69-BFE3073C9FD7}.Release|Any CPU.Build.0 = Release|Any CPU
		{AAD3E12C-ED0E-4F57-B984-3DEC243B27ED}.Debug|Any CPU.ActiveCfg = Debug|Any CPU
		{AAD3E12C-ED0E-4F57-B984-3DEC243B27ED}.Debug|Any CPU.Build.0 = Debug|Any CPU
		{AAD3E12C-ED0E-4F57-B984-3DEC243B27ED}.Release|Any CPU.ActiveCfg = Release|Any CPU
		{AAD3E12C-ED0E-4F57-B984-3DEC243B27ED}.Release|Any CPU.Build.0 = Release|Any CPU
		{D751741A-97CB-47F5-956C-DE9E4C087680}.Debug|Any CPU.ActiveCfg = Debug|Any CPU
		{D751741A-97CB-47F5-956C-DE9E4C087680}.Debug|Any CPU.Build.0 = Debug|Any CPU
		{D751741A-97CB-47F5-956C-DE9E4C087680}.Release|Any CPU.ActiveCfg = Release|Any CPU
		{D751741A-97CB-47F5-956C-DE9E4C087680}.Release|Any CPU.Build.0 = Release|Any CPU
	EndGlobalSection
	GlobalSection(SolutionProperties) = preSolution
		HideSolutionNode = FALSE
	EndGlobalSection
	GlobalSection(NestedProjects) = preSolution
		{EF8AD0B7-6022-440E-8861-EF7F19095562} = {51AAE893-1BC7-446A-A5F9-1C3487C0BE65}
		{41FD00F0-6C4F-4CC2-AD67-24540622BB85} = {1435981A-B1CF-4319-A542-D46B879D2524}
		{759B8247-D8A3-4419-BFB2-0B7D6302D77C} = {6B25262A-D2DA-4944-AACD-C248DC9A4521}
		{B876CF15-9EE0-4C3F-8F89-903EA1482A90} = {F139BDC0-574A-4E52-AC04-BA2563DA3D81}
		{6FF11046-6512-4541-9927-48C3C8D914A1} = {74E4B717-23EB-467C-9D1E-A558EC96DD29}
		{74E4B717-23EB-467C-9D1E-A558EC96DD29} = {B876CF15-9EE0-4C3F-8F89-903EA1482A90}
		{86981EA5-A661-4331-A65B-C2DBD7C4DA3F} = {B876CF15-9EE0-4C3F-8F89-903EA1482A90}
		{83B2D43F-8B89-4E1A-B931-136861131752} = {B876CF15-9EE0-4C3F-8F89-903EA1482A90}
		{6B88AEE4-5AE3-4B00-9C09-17DD2CCCDA34} = {6FF11046-6512-4541-9927-48C3C8D914A1}
		{83C009B7-E00E-4D33-BB69-BFE3073C9FD7} = {74E4B717-23EB-467C-9D1E-A558EC96DD29}
		{AAD3E12C-ED0E-4F57-B984-3DEC243B27ED} = {86981EA5-A661-4331-A65B-C2DBD7C4DA3F}
		{D751741A-97CB-47F5-956C-DE9E4C087680} = {83B2D43F-8B89-4E1A-B931-136861131752}
	EndGlobalSection
	GlobalSection(ExtensibilityGlobals) = postSolution
		SolutionGuid = {8F5C014B-C8A1-4BC4-B737-41309D69A319}
	EndGlobalSection
EndGlobal
